
Microsoft Visual Studio Solution File, Format Version 12.00
# Visual Studio Version 17
VisualStudioVersion = 17.2.32519.379
MinimumVisualStudioVersion = 10.0.40219.1
Project("{FAE04EC0-301F-11D3-BF4B-00C04F79EFBC}") = "Object-Oriented-Programming-Labs", "Object-Oriented-Programming-Labs\Object-Oriented-Programming-Labs.csproj", "{BD303172-E812-412D-B149-10F1BE258292}"
EndProject
Global
	GlobalSection(SolutionConfigurationPlatforms) = preSolution
		Debug|Any CPU = Debug|Any CPU
		Release|Any CPU = Release|Any CPU
	EndGlobalSection
	GlobalSection(ProjectConfigurationPlatforms) = postSolution
		{BD303172-E812-412D-B149-10F1BE258292}.Debug|Any CPU.ActiveCfg = Debug|Any CPU
		{BD303172-E812-412D-B149-10F1BE258292}.Debug|Any CPU.Build.0 = Debug|Any CPU
		{BD303172-E812-412D-B149-10F1BE258292}.Release|Any CPU.ActiveCfg = Release|Any CPU
		{BD303172-E812-412D-B149-10F1BE258292}.Release|Any CPU.Build.0 = Release|Any CPU
	EndGlobalSection
	GlobalSection(SolutionProperties) = preSolution
		HideSolutionNode = FALSE
	EndGlobalSection
	GlobalSection(ExtensibilityGlobals) = postSolution
		SolutionGuid = {835CBB8B-755D-42F6-9DB2-547EBC934DE7}
	EndGlobalSection
EndGlobal
